
Microsoft Visual Studio Solution File, Format Version 12.00
# Visual Studio 15
VisualStudioVersion = 15.0.28307.902
MinimumVisualStudioVersion = 10.0.40219.1
Project("{FAE04EC0-301F-11D3-BF4B-00C04F79EFBC}") = "InventoryManagement", "InventoryManagement\InventoryManagement.csproj", "{D36236BF-07A1-4EF5-82F2-56FF2CF27D4B}"
EndProject
Global
	GlobalSection(SolutionConfigurationPlatforms) = preSolution
		Debug|Any CPU = Debug|Any CPU
		Release|Any CPU = Release|Any CPU
	EndGlobalSection
	GlobalSection(ProjectConfigurationPlatforms) = postSolution
		{D36236BF-07A1-4EF5-82F2-56FF2CF27D4B}.Debug|Any CPU.ActiveCfg = Debug|Any CPU
		{D36236BF-07A1-4EF5-82F2-56FF2CF27D4B}.Debug|Any CPU.Build.0 = Debug|Any CPU
		{D36236BF-07A1-4EF5-82F2-56FF2CF27D4B}.Release|Any CPU.ActiveCfg = Release|Any CPU
		{D36236BF-07A1-4EF5-82F2-56FF2CF27D4B}.Release|Any CPU.Build.0 = Release|Any CPU
	EndGlobalSection
	GlobalSection(SolutionProperties) = preSolution
		HideSolutionNode = FALSE
	EndGlobalSection
	GlobalSection(ExtensibilityGlobals) = postSolution
		SolutionGuid = {AAE871E4-762E-4D1A-A626-582F2523949F}
	EndGlobalSection
EndGlobal
